// !$*UTF8*$!
{
	archiveVersion = 1;
	classes = {
	};
	objectVersion = 52;
	objects = {

/* Begin PBXBuildFile section */
		3E062F601F424C350061D84F /* AppSettings.swift in Sources */ = {isa = PBXBuildFile; fileRef = 3E062F5F1F424C350061D84F /* AppSettings.swift */; };
		3E1D6E881F2691FF00FB119A /* PortalBrowserViewController.swift in Sources */ = {isa = PBXBuildFile; fileRef = 3E1D6E871F2691FE00FB119A /* PortalBrowserViewController.swift */; };
		3E1D6E8E1F280D0300FB119A /* PortalItemCell.swift in Sources */ = {isa = PBXBuildFile; fileRef = 3E1D6E8D1F280D0300FB119A /* PortalItemCell.swift */; };
		3ECCFF901F2AAB6100E703B8 /* AppContext.swift in Sources */ = {isa = PBXBuildFile; fileRef = 3ECCFF8F1F2AAB6100E703B8 /* AppContext.swift */; };
		3EDC844A1F1E8B94002DBCF2 /* AppDelegate.swift in Sources */ = {isa = PBXBuildFile; fileRef = 3EDC84491F1E8B94002DBCF2 /* AppDelegate.swift */; };
		3EDC844F1F1E8B94002DBCF2 /* MapPackagesList.storyboard in Resources */ = {isa = PBXBuildFile; fileRef = 3EDC844D1F1E8B94002DBCF2 /* MapPackagesList.storyboard */; };
		3EDC84511F1E8B94002DBCF2 /* Assets.xcassets in Resources */ = {isa = PBXBuildFile; fileRef = 3EDC84501F1E8B94002DBCF2 /* Assets.xcassets */; };
		3EDC84541F1E8B94002DBCF2 /* LaunchScreen.storyboard in Resources */ = {isa = PBXBuildFile; fileRef = 3EDC84521F1E8B94002DBCF2 /* LaunchScreen.storyboard */; };
		3EDC84641F1ED3E7002DBCF2 /* MapViewController.swift in Sources */ = {isa = PBXBuildFile; fileRef = 3EDC84631F1ED3E7002DBCF2 /* MapViewController.swift */; };
		3EDC84661F1FC335002DBCF2 /* LegendViewController.swift in Sources */ = {isa = PBXBuildFile; fileRef = 3EDC84651F1FC335002DBCF2 /* LegendViewController.swift */; };
		3EDC84681F1FD4A6002DBCF2 /* LegendInfoCell.swift in Sources */ = {isa = PBXBuildFile; fileRef = 3EDC84671F1FD4A6002DBCF2 /* LegendInfoCell.swift */; };
		3EDC846A1F1FD5BC002DBCF2 /* LayerCell.swift in Sources */ = {isa = PBXBuildFile; fileRef = 3EDC84691F1FD5BC002DBCF2 /* LayerCell.swift */; };
		3EDC846F1F1FF165002DBCF2 /* LocatorSuggestionController.swift in Sources */ = {isa = PBXBuildFile; fileRef = 3EDC846E1F1FF165002DBCF2 /* LocatorSuggestionController.swift */; };
		943C611A241AD60100FEF4F7 /* AGSMobileMapPackage+Helper.swift in Sources */ = {isa = PBXBuildFile; fileRef = 943C6119241AD60100FEF4F7 /* AGSMobileMapPackage+Helper.swift */; };
		943C611F241B04F700FEF4F7 /* PortalPackageSearchManager.swift in Sources */ = {isa = PBXBuildFile; fileRef = 943C611E241B04F700FEF4F7 /* PortalPackageSearchManager.swift */; };
		943C6121241BD90300FEF4F7 /* PackageManager.swift in Sources */ = {isa = PBXBuildFile; fileRef = 943C6120241BD90300FEF4F7 /* PackageManager.swift */; };
		943C61292420111600FEF4F7 /* Legend.storyboard in Resources */ = {isa = PBXBuildFile; fileRef = 943C61282420111600FEF4F7 /* Legend.storyboard */; };
		944FC14F202404C1007535DB /* AppIcon.xcassets in Resources */ = {isa = PBXBuildFile; fileRef = 944FC14E202404C1007535DB /* AppIcon.xcassets */; };
		944FD85D2434E81B00B9F2FF /* calcite.xcassets in Resources */ = {isa = PBXBuildFile; fileRef = 944FD85C2434E81B00B9F2FF /* calcite.xcassets */; };
		946987BA242142F700100FA2 /* UITextView+Padding.swift in Sources */ = {isa = PBXBuildFile; fileRef = 946987B9242142F700100FA2 /* UITextView+Padding.swift */; };
		946987BD2421697200100FA2 /* PortalAuth.storyboard in Resources */ = {isa = PBXBuildFile; fileRef = 946987BC2421697200100FA2 /* PortalAuth.storyboard */; };
		946987BF24216F0D00100FA2 /* PortalAuthViewController.swift in Sources */ = {isa = PBXBuildFile; fileRef = 946987BE24216F0D00100FA2 /* PortalAuthViewController.swift */; };
		946987C124218FB000100FA2 /* PortalSignInViewController.swift in Sources */ = {isa = PBXBuildFile; fileRef = 946987C024218FB000100FA2 /* PortalSignInViewController.swift */; };
		946987C32422934000100FA2 /* PortalHomeViewController.swift in Sources */ = {isa = PBXBuildFile; fileRef = 946987C22422934000100FA2 /* PortalHomeViewController.swift */; };
		946C49A6248AE4BA00A717D2 /* ArcGISToolkit.framework in Frameworks */ = {isa = PBXBuildFile; fileRef = 946C49A3248AE49600A717D2 /* ArcGISToolkit.framework */; };
		946C49A7248AE4BA00A717D2 /* ArcGISToolkit.framework in Embed Frameworks */ = {isa = PBXBuildFile; fileRef = 946C49A3248AE49600A717D2 /* ArcGISToolkit.framework */; settings = {ATTRIBUTES = (CodeSignOnCopy, RemoveHeadersOnCopy, ); }; };
		9494DD522175025F00DE04A5 /* Bundle+Version.swift in Sources */ = {isa = PBXBuildFile; fileRef = 9494DD512175025F00DE04A5 /* Bundle+Version.swift */; };
		9494DD57217502C200DE04A5 /* UIColor+House.swift in Sources */ = {isa = PBXBuildFile; fileRef = 9494DD56217502C200DE04A5 /* UIColor+House.swift */; };
		949DDF242422D40F0038608D /* MapPackagesListViewController.swift in Sources */ = {isa = PBXBuildFile; fileRef = 949DDF232422D40F0038608D /* MapPackagesListViewController.swift */; };
		949DDF2C242427320038608D /* PortalBrowser.storyboard in Resources */ = {isa = PBXBuildFile; fileRef = 949DDF2B242427320038608D /* PortalBrowser.storyboard */; };
		949DDF432425798B0038608D /* PKHUDSystemActivityIndicatorView.swift in Sources */ = {isa = PBXBuildFile; fileRef = 949DDF302425798B0038608D /* PKHUDSystemActivityIndicatorView.swift */; };
		949DDF442425798B0038608D /* PKHUDAnimation.swift in Sources */ = {isa = PBXBuildFile; fileRef = 949DDF312425798B0038608D /* PKHUDAnimation.swift */; };
		949DDF452425798B0038608D /* PKHUDAnimating.swift in Sources */ = {isa = PBXBuildFile; fileRef = 949DDF322425798B0038608D /* PKHUDAnimating.swift */; };
		949DDF462425798B0038608D /* FrameView.swift in Sources */ = {isa = PBXBuildFile; fileRef = 949DDF332425798B0038608D /* FrameView.swift */; };
		949DDF472425798B0038608D /* PKHUD.swift in Sources */ = {isa = PBXBuildFile; fileRef = 949DDF342425798B0038608D /* PKHUD.swift */; };
		949DDF482425798B0038608D /* PKHUDSuccessView.swift in Sources */ = {isa = PBXBuildFile; fileRef = 949DDF352425798B0038608D /* PKHUDSuccessView.swift */; };
		949DDF492425798B0038608D /* PKHUDAssets.swift in Sources */ = {isa = PBXBuildFile; fileRef = 949DDF362425798B0038608D /* PKHUDAssets.swift */; };
		949DDF4A2425798B0038608D /* PKHUDWideBaseView.swift in Sources */ = {isa = PBXBuildFile; fileRef = 949DDF372425798B0038608D /* PKHUDWideBaseView.swift */; };
		949DDF4B2425798B0038608D /* PKHUDTextView.swift in Sources */ = {isa = PBXBuildFile; fileRef = 949DDF382425798B0038608D /* PKHUDTextView.swift */; };
		949DDF4C2425798B0038608D /* HUD.swift in Sources */ = {isa = PBXBuildFile; fileRef = 949DDF392425798B0038608D /* HUD.swift */; };
		949DDF4D2425798B0038608D /* PKHUDRotatingImageView.swift in Sources */ = {isa = PBXBuildFile; fileRef = 949DDF3A2425798B0038608D /* PKHUDRotatingImageView.swift */; };
		949DDF4E2425798B0038608D /* Window.swift in Sources */ = {isa = PBXBuildFile; fileRef = 949DDF3B2425798B0038608D /* Window.swift */; };
		949DDF4F2425798B0038608D /* WindowRootViewController.swift in Sources */ = {isa = PBXBuildFile; fileRef = 949DDF3C2425798B0038608D /* WindowRootViewController.swift */; };
		949DDF502425798B0038608D /* PKHUDProgressView.swift in Sources */ = {isa = PBXBuildFile; fileRef = 949DDF3D2425798B0038608D /* PKHUDProgressView.swift */; };
		949DDF512425798B0038608D /* Images.xcassets in Resources */ = {isa = PBXBuildFile; fileRef = 949DDF3E2425798B0038608D /* Images.xcassets */; };
		949DDF522425798B0038608D /* PKHUDSquareBaseView.swift in Sources */ = {isa = PBXBuildFile; fileRef = 949DDF3F2425798B0038608D /* PKHUDSquareBaseView.swift */; };
		949DDF532425798B0038608D /* PKHUDErrorView.swift in Sources */ = {isa = PBXBuildFile; fileRef = 949DDF402425798B0038608D /* PKHUDErrorView.swift */; };
		949E1859217674B800FF1499 /* URL+ArcGISOnline.swift in Sources */ = {isa = PBXBuildFile; fileRef = 949E1858217674B800FF1499 /* URL+ArcGISOnline.swift */; };
		94A53EC92420366B006B0A27 /* MapPackageViewController.swift in Sources */ = {isa = PBXBuildFile; fileRef = 94A53EC82420366B006B0A27 /* MapPackageViewController.swift */; };
		94A9196A24198BCE0086E808 /* PortalSessionManager.swift in Sources */ = {isa = PBXBuildFile; fileRef = 94A9196924198BCE0086E808 /* PortalSessionManager.swift */; };
		94C72937242012C500F37D96 /* LocatorSearch.storyboard in Resources */ = {isa = PBXBuildFile; fileRef = 94C72936242012C500F37D96 /* LocatorSearch.storyboard */; };
		94C7293A2420139800F37D96 /* Map.storyboard in Resources */ = {isa = PBXBuildFile; fileRef = 94C729392420139800F37D96 /* Map.storyboard */; };
		94C7293E2420175200F37D96 /* MapPackage.storyboard in Resources */ = {isa = PBXBuildFile; fileRef = 94C7293D2420175200F37D96 /* MapPackage.storyboard */; };
		E4F93A5F255CA3ED00298E30 /* ArcGIS.xcframework in Frameworks */ = {isa = PBXBuildFile; fileRef = E4F93A5E255CA3ED00298E30 /* ArcGIS.xcframework */; };
		E4F93A60255CA3ED00298E30 /* ArcGIS.xcframework in Embed Frameworks */ = {isa = PBXBuildFile; fileRef = E4F93A5E255CA3ED00298E30 /* ArcGIS.xcframework */; settings = {ATTRIBUTES = (CodeSignOnCopy, RemoveHeadersOnCopy, ); }; };
/* End PBXBuildFile section */

/* Begin PBXContainerItemProxy section */
		946C49A2248AE49600A717D2 /* PBXContainerItemProxy */ = {
			isa = PBXContainerItemProxy;
			containerPortal = 946C499D248AE49600A717D2 /* ArcGISToolkit.xcodeproj */;
			proxyType = 2;
			remoteGlobalIDString = 881233701DF601A700B2EA8E;
			remoteInfo = ArcGISToolkit;
		};
		946C49A4248AE49600A717D2 /* PBXContainerItemProxy */ = {
			isa = PBXContainerItemProxy;
			containerPortal = 946C499D248AE49600A717D2 /* ArcGISToolkit.xcodeproj */;
			proxyType = 2;
			remoteGlobalIDString = E4685B03237CA3C400F168CF;
			remoteInfo = ArcGISToolkitTests;
		};
/* End PBXContainerItemProxy section */

/* Begin PBXCopyFilesBuildPhase section */
		94AB9D33225E8C090040D989 /* Embed Frameworks */ = {
			isa = PBXCopyFilesBuildPhase;
			buildActionMask = 2147483647;
			dstPath = "";
			dstSubfolderSpec = 10;
			files = (
				E4F93A60255CA3ED00298E30 /* ArcGIS.xcframework in Embed Frameworks */,
				946C49A7248AE4BA00A717D2 /* ArcGISToolkit.framework in Embed Frameworks */,
			);
			name = "Embed Frameworks";
			runOnlyForDeploymentPostprocessing = 0;
		};
/* End PBXCopyFilesBuildPhase section */

/* Begin PBXFileReference section */
		3E062F5F1F424C350061D84F /* AppSettings.swift */ = {isa = PBXFileReference; fileEncoding = 4; lastKnownFileType = sourcecode.swift; path = AppSettings.swift; sourceTree = "<group>"; };
		3E1D6E871F2691FE00FB119A /* PortalBrowserViewController.swift */ = {isa = PBXFileReference; fileEncoding = 4; lastKnownFileType = sourcecode.swift; path = PortalBrowserViewController.swift; sourceTree = "<group>"; };
		3E1D6E8D1F280D0300FB119A /* PortalItemCell.swift */ = {isa = PBXFileReference; fileEncoding = 4; lastKnownFileType = sourcecode.swift; path = PortalItemCell.swift; sourceTree = "<group>"; };
		3ECCFF8F1F2AAB6100E703B8 /* AppContext.swift */ = {isa = PBXFileReference; fileEncoding = 4; lastKnownFileType = sourcecode.swift; path = AppContext.swift; sourceTree = "<group>"; };
		3EDC84461F1E8B94002DBCF2 /* mapbook-iOS.app */ = {isa = PBXFileReference; explicitFileType = wrapper.application; includeInIndex = 0; path = "mapbook-iOS.app"; sourceTree = BUILT_PRODUCTS_DIR; };
		3EDC84491F1E8B94002DBCF2 /* AppDelegate.swift */ = {isa = PBXFileReference; lastKnownFileType = sourcecode.swift; path = AppDelegate.swift; sourceTree = "<group>"; };
		3EDC844E1F1E8B94002DBCF2 /* Base */ = {isa = PBXFileReference; lastKnownFileType = file.storyboard; name = Base; path = Base.lproj/MapPackagesList.storyboard; sourceTree = "<group>"; };
		3EDC84501F1E8B94002DBCF2 /* Assets.xcassets */ = {isa = PBXFileReference; lastKnownFileType = folder.assetcatalog; path = Assets.xcassets; sourceTree = "<group>"; };
		3EDC84531F1E8B94002DBCF2 /* Base */ = {isa = PBXFileReference; lastKnownFileType = file.storyboard; name = Base; path = Base.lproj/LaunchScreen.storyboard; sourceTree = "<group>"; };
		3EDC84551F1E8B94002DBCF2 /* Info.plist */ = {isa = PBXFileReference; lastKnownFileType = text.plist.xml; path = Info.plist; sourceTree = "<group>"; };
		3EDC84631F1ED3E7002DBCF2 /* MapViewController.swift */ = {isa = PBXFileReference; fileEncoding = 4; lastKnownFileType = sourcecode.swift; path = MapViewController.swift; sourceTree = "<group>"; };
		3EDC84651F1FC335002DBCF2 /* LegendViewController.swift */ = {isa = PBXFileReference; fileEncoding = 4; lastKnownFileType = sourcecode.swift; path = LegendViewController.swift; sourceTree = "<group>"; };
		3EDC84671F1FD4A6002DBCF2 /* LegendInfoCell.swift */ = {isa = PBXFileReference; fileEncoding = 4; lastKnownFileType = sourcecode.swift; path = LegendInfoCell.swift; sourceTree = "<group>"; };
		3EDC84691F1FD5BC002DBCF2 /* LayerCell.swift */ = {isa = PBXFileReference; fileEncoding = 4; lastKnownFileType = sourcecode.swift; path = LayerCell.swift; sourceTree = "<group>"; };
		3EDC846E1F1FF165002DBCF2 /* LocatorSuggestionController.swift */ = {isa = PBXFileReference; fileEncoding = 4; lastKnownFileType = sourcecode.swift; path = LocatorSuggestionController.swift; sourceTree = "<group>"; };
		943C6119241AD60100FEF4F7 /* AGSMobileMapPackage+Helper.swift */ = {isa = PBXFileReference; lastKnownFileType = sourcecode.swift; path = "AGSMobileMapPackage+Helper.swift"; sourceTree = "<group>"; };
		943C611E241B04F700FEF4F7 /* PortalPackageSearchManager.swift */ = {isa = PBXFileReference; fileEncoding = 4; lastKnownFileType = sourcecode.swift; path = PortalPackageSearchManager.swift; sourceTree = "<group>"; };
		943C6120241BD90300FEF4F7 /* PackageManager.swift */ = {isa = PBXFileReference; lastKnownFileType = sourcecode.swift; path = PackageManager.swift; sourceTree = "<group>"; };
		943C61282420111600FEF4F7 /* Legend.storyboard */ = {isa = PBXFileReference; lastKnownFileType = file.storyboard; path = Legend.storyboard; sourceTree = "<group>"; };
		944FC14E202404C1007535DB /* AppIcon.xcassets */ = {isa = PBXFileReference; lastKnownFileType = folder.assetcatalog; path = AppIcon.xcassets; sourceTree = "<group>"; };
		944FD85C2434E81B00B9F2FF /* calcite.xcassets */ = {isa = PBXFileReference; lastKnownFileType = folder.assetcatalog; path = calcite.xcassets; sourceTree = "<group>"; };
		946987B9242142F700100FA2 /* UITextView+Padding.swift */ = {isa = PBXFileReference; lastKnownFileType = sourcecode.swift; path = "UITextView+Padding.swift"; sourceTree = "<group>"; };
		946987BC2421697200100FA2 /* PortalAuth.storyboard */ = {isa = PBXFileReference; lastKnownFileType = file.storyboard; path = PortalAuth.storyboard; sourceTree = "<group>"; };
		946987BE24216F0D00100FA2 /* PortalAuthViewController.swift */ = {isa = PBXFileReference; lastKnownFileType = sourcecode.swift; path = PortalAuthViewController.swift; sourceTree = "<group>"; };
		946987C024218FB000100FA2 /* PortalSignInViewController.swift */ = {isa = PBXFileReference; lastKnownFileType = sourcecode.swift; path = PortalSignInViewController.swift; sourceTree = "<group>"; };
		946987C22422934000100FA2 /* PortalHomeViewController.swift */ = {isa = PBXFileReference; lastKnownFileType = sourcecode.swift; path = PortalHomeViewController.swift; sourceTree = "<group>"; };
		946C499D248AE49600A717D2 /* ArcGISToolkit.xcodeproj */ = {isa = PBXFileReference; lastKnownFileType = "wrapper.pb-project"; name = ArcGISToolkit.xcodeproj; path = "arcgis-runtime-toolkit-ios/Toolkit/ArcGISToolkit.xcodeproj"; sourceTree = SOURCE_ROOT; };
		9494DD512175025F00DE04A5 /* Bundle+Version.swift */ = {isa = PBXFileReference; lastKnownFileType = sourcecode.swift; path = "Bundle+Version.swift"; sourceTree = "<group>"; };
		9494DD56217502C200DE04A5 /* UIColor+House.swift */ = {isa = PBXFileReference; lastKnownFileType = sourcecode.swift; path = "UIColor+House.swift"; sourceTree = "<group>"; };
		949DDF232422D40F0038608D /* MapPackagesListViewController.swift */ = {isa = PBXFileReference; lastKnownFileType = sourcecode.swift; path = MapPackagesListViewController.swift; sourceTree = "<group>"; };
		949DDF2B242427320038608D /* PortalBrowser.storyboard */ = {isa = PBXFileReference; lastKnownFileType = file.storyboard; path = PortalBrowser.storyboard; sourceTree = "<group>"; };
		949DDF302425798B0038608D /* PKHUDSystemActivityIndicatorView.swift */ = {isa = PBXFileReference; fileEncoding = 4; lastKnownFileType = sourcecode.swift; path = PKHUDSystemActivityIndicatorView.swift; sourceTree = "<group>"; };
		949DDF312425798B0038608D /* PKHUDAnimation.swift */ = {isa = PBXFileReference; fileEncoding = 4; lastKnownFileType = sourcecode.swift; path = PKHUDAnimation.swift; sourceTree = "<group>"; };
		949DDF322425798B0038608D /* PKHUDAnimating.swift */ = {isa = PBXFileReference; fileEncoding = 4; lastKnownFileType = sourcecode.swift; path = PKHUDAnimating.swift; sourceTree = "<group>"; };
		949DDF332425798B0038608D /* FrameView.swift */ = {isa = PBXFileReference; fileEncoding = 4; lastKnownFileType = sourcecode.swift; path = FrameView.swift; sourceTree = "<group>"; };
		949DDF342425798B0038608D /* PKHUD.swift */ = {isa = PBXFileReference; fileEncoding = 4; lastKnownFileType = sourcecode.swift; path = PKHUD.swift; sourceTree = "<group>"; };
		949DDF352425798B0038608D /* PKHUDSuccessView.swift */ = {isa = PBXFileReference; fileEncoding = 4; lastKnownFileType = sourcecode.swift; path = PKHUDSuccessView.swift; sourceTree = "<group>"; };
		949DDF362425798B0038608D /* PKHUDAssets.swift */ = {isa = PBXFileReference; fileEncoding = 4; lastKnownFileType = sourcecode.swift; path = PKHUDAssets.swift; sourceTree = "<group>"; };
		949DDF372425798B0038608D /* PKHUDWideBaseView.swift */ = {isa = PBXFileReference; fileEncoding = 4; lastKnownFileType = sourcecode.swift; path = PKHUDWideBaseView.swift; sourceTree = "<group>"; };
		949DDF382425798B0038608D /* PKHUDTextView.swift */ = {isa = PBXFileReference; fileEncoding = 4; lastKnownFileType = sourcecode.swift; path = PKHUDTextView.swift; sourceTree = "<group>"; };
		949DDF392425798B0038608D /* HUD.swift */ = {isa = PBXFileReference; fileEncoding = 4; lastKnownFileType = sourcecode.swift; path = HUD.swift; sourceTree = "<group>"; };
		949DDF3A2425798B0038608D /* PKHUDRotatingImageView.swift */ = {isa = PBXFileReference; fileEncoding = 4; lastKnownFileType = sourcecode.swift; path = PKHUDRotatingImageView.swift; sourceTree = "<group>"; };
		949DDF3B2425798B0038608D /* Window.swift */ = {isa = PBXFileReference; fileEncoding = 4; lastKnownFileType = sourcecode.swift; path = Window.swift; sourceTree = "<group>"; };
		949DDF3C2425798B0038608D /* WindowRootViewController.swift */ = {isa = PBXFileReference; fileEncoding = 4; lastKnownFileType = sourcecode.swift; path = WindowRootViewController.swift; sourceTree = "<group>"; };
		949DDF3D2425798B0038608D /* PKHUDProgressView.swift */ = {isa = PBXFileReference; fileEncoding = 4; lastKnownFileType = sourcecode.swift; path = PKHUDProgressView.swift; sourceTree = "<group>"; };
		949DDF3E2425798B0038608D /* Images.xcassets */ = {isa = PBXFileReference; lastKnownFileType = folder.assetcatalog; path = Images.xcassets; sourceTree = "<group>"; };
		949DDF3F2425798B0038608D /* PKHUDSquareBaseView.swift */ = {isa = PBXFileReference; fileEncoding = 4; lastKnownFileType = sourcecode.swift; path = PKHUDSquareBaseView.swift; sourceTree = "<group>"; };
		949DDF402425798B0038608D /* PKHUDErrorView.swift */ = {isa = PBXFileReference; fileEncoding = 4; lastKnownFileType = sourcecode.swift; path = PKHUDErrorView.swift; sourceTree = "<group>"; };
		949DDF412425798B0038608D /* PKHUD.h */ = {isa = PBXFileReference; fileEncoding = 4; lastKnownFileType = sourcecode.c.h; path = PKHUD.h; sourceTree = "<group>"; };
		949E1858217674B800FF1499 /* URL+ArcGISOnline.swift */ = {isa = PBXFileReference; lastKnownFileType = sourcecode.swift; path = "URL+ArcGISOnline.swift"; sourceTree = "<group>"; };
		94A53EC82420366B006B0A27 /* MapPackageViewController.swift */ = {isa = PBXFileReference; lastKnownFileType = sourcecode.swift; path = MapPackageViewController.swift; sourceTree = "<group>"; };
		94A9196924198BCE0086E808 /* PortalSessionManager.swift */ = {isa = PBXFileReference; lastKnownFileType = sourcecode.swift; path = PortalSessionManager.swift; sourceTree = "<group>"; };
		94C72936242012C500F37D96 /* LocatorSearch.storyboard */ = {isa = PBXFileReference; lastKnownFileType = file.storyboard; path = LocatorSearch.storyboard; sourceTree = "<group>"; };
		94C729392420139800F37D96 /* Map.storyboard */ = {isa = PBXFileReference; lastKnownFileType = file.storyboard; path = Map.storyboard; sourceTree = "<group>"; };
		94C7293D2420175200F37D96 /* MapPackage.storyboard */ = {isa = PBXFileReference; lastKnownFileType = file.storyboard; path = MapPackage.storyboard; sourceTree = "<group>"; };
		E4F93A5E255CA3ED00298E30 /* ArcGIS.xcframework */ = {isa = PBXFileReference; lastKnownFileType = wrapper.xcframework; name = ArcGIS.xcframework; path = $HOME/Library/SDKs/ArcGIS/Frameworks/ArcGIS.xcframework; sourceTree = "<group>"; };
/* End PBXFileReference section */

/* Begin PBXFrameworksBuildPhase section */
		3EDC84431F1E8B94002DBCF2 /* Frameworks */ = {
			isa = PBXFrameworksBuildPhase;
			buildActionMask = 2147483647;
			files = (
				E4F93A5F255CA3ED00298E30 /* ArcGIS.xcframework in Frameworks */,
				946C49A6248AE4BA00A717D2 /* ArcGISToolkit.framework in Frameworks */,
			);
			runOnlyForDeploymentPostprocessing = 0;
		};
/* End PBXFrameworksBuildPhase section */

/* Begin PBXGroup section */
		3EDC843D1F1E8B94002DBCF2 = {
			isa = PBXGroup;
			children = (
				3EDC84481F1E8B94002DBCF2 /* mapbook-iOS */,
				946C499C248AE47200A717D2 /* Toolkit */,
				3EDC84471F1E8B94002DBCF2 /* Products */,
				94D55EC1246C93940055BEFE /* Frameworks */,
			);
			sourceTree = "<group>";
		};
		3EDC84471F1E8B94002DBCF2 /* Products */ = {
			isa = PBXGroup;
			children = (
				3EDC84461F1E8B94002DBCF2 /* mapbook-iOS.app */,
			);
			name = Products;
			sourceTree = "<group>";
		};
		3EDC84481F1E8B94002DBCF2 /* mapbook-iOS */ = {
			isa = PBXGroup;
			children = (
				3EEBD3251F42264200DB4AAA /* AppContext */,
				3EEBD3261F423EA800DB4AAA /* View controllers */,
				9494DD532175026800DE04A5 /* Extensions */,
				949DDF2F2425798B0038608D /* PKHUD */,
				3EDC84491F1E8B94002DBCF2 /* AppDelegate.swift */,
				3E062F5F1F424C350061D84F /* AppSettings.swift */,
				3EDC84501F1E8B94002DBCF2 /* Assets.xcassets */,
				944FD85C2434E81B00B9F2FF /* calcite.xcassets */,
				944FC14E202404C1007535DB /* AppIcon.xcassets */,
				3EDC84521F1E8B94002DBCF2 /* LaunchScreen.storyboard */,
				3EDC84551F1E8B94002DBCF2 /* Info.plist */,
			);
			path = "mapbook-iOS";
			sourceTree = "<group>";
		};
		3EEBD3251F42264200DB4AAA /* AppContext */ = {
			isa = PBXGroup;
			children = (
				3ECCFF8F1F2AAB6100E703B8 /* AppContext.swift */,
				94A9196924198BCE0086E808 /* PortalSessionManager.swift */,
				943C611E241B04F700FEF4F7 /* PortalPackageSearchManager.swift */,
				943C6120241BD90300FEF4F7 /* PackageManager.swift */,
			);
			path = AppContext;
			sourceTree = "<group>";
		};
		3EEBD3261F423EA800DB4AAA /* View controllers */ = {
			isa = PBXGroup;
			children = (
				946987BB2421695D00100FA2 /* Portal Auth */,
				949DDF2A242426EF0038608D /* Portal Browser */,
				949DDF222422D3E20038608D /* Map Packages List */,
				94C7293C2420172A00F37D96 /* Map Package */,
				94C729382420138600F37D96 /* Map */,
				94C72935242012A900F37D96 /* Search */,
				943C61272420110500FEF4F7 /* Legend */,
			);
			path = "View controllers";
			sourceTree = "<group>";
		};
		943C6117241AD5C900FEF4F7 /* Cocoa */ = {
			isa = PBXGroup;
			children = (
				9494DD512175025F00DE04A5 /* Bundle+Version.swift */,
				949E1858217674B800FF1499 /* URL+ArcGISOnline.swift */,
				9494DD56217502C200DE04A5 /* UIColor+House.swift */,
				946987B9242142F700100FA2 /* UITextView+Padding.swift */,
			);
			path = Cocoa;
			sourceTree = "<group>";
		};
		943C6118241AD5DD00FEF4F7 /* ArcGIS */ = {
			isa = PBXGroup;
			children = (
				943C6119241AD60100FEF4F7 /* AGSMobileMapPackage+Helper.swift */,
			);
			path = ArcGIS;
			sourceTree = "<group>";
		};
		943C61272420110500FEF4F7 /* Legend */ = {
			isa = PBXGroup;
			children = (
				3EDC84691F1FD5BC002DBCF2 /* LayerCell.swift */,
				3EDC84671F1FD4A6002DBCF2 /* LegendInfoCell.swift */,
				3EDC84651F1FC335002DBCF2 /* LegendViewController.swift */,
				943C61282420111600FEF4F7 /* Legend.storyboard */,
			);
			path = Legend;
			sourceTree = "<group>";
		};
		946987BB2421695D00100FA2 /* Portal Auth */ = {
			isa = PBXGroup;
			children = (
				946987BC2421697200100FA2 /* PortalAuth.storyboard */,
				946987BE24216F0D00100FA2 /* PortalAuthViewController.swift */,
				946987C024218FB000100FA2 /* PortalSignInViewController.swift */,
				946987C22422934000100FA2 /* PortalHomeViewController.swift */,
			);
			path = "Portal Auth";
			sourceTree = "<group>";
		};
		946C499C248AE47200A717D2 /* Toolkit */ = {
			isa = PBXGroup;
			children = (
				946C499D248AE49600A717D2 /* ArcGISToolkit.xcodeproj */,
			);
			path = Toolkit;
			sourceTree = "<group>";
		};
		946C499E248AE49600A717D2 /* Products */ = {
			isa = PBXGroup;
			children = (
				946C49A3248AE49600A717D2 /* ArcGISToolkit.framework */,
				946C49A5248AE49600A717D2 /* ArcGISToolkitTests.xctest */,
			);
			name = Products;
			sourceTree = "<group>";
		};
		9494DD532175026800DE04A5 /* Extensions */ = {
			isa = PBXGroup;
			children = (
				943C6118241AD5DD00FEF4F7 /* ArcGIS */,
				943C6117241AD5C900FEF4F7 /* Cocoa */,
			);
			path = Extensions;
			sourceTree = "<group>";
		};
		949DDF222422D3E20038608D /* Map Packages List */ = {
			isa = PBXGroup;
			children = (
				949DDF232422D40F0038608D /* MapPackagesListViewController.swift */,
				3EDC844D1F1E8B94002DBCF2 /* MapPackagesList.storyboard */,
			);
			path = "Map Packages List";
			sourceTree = "<group>";
		};
		949DDF2A242426EF0038608D /* Portal Browser */ = {
			isa = PBXGroup;
			children = (
				3E1D6E8D1F280D0300FB119A /* PortalItemCell.swift */,
				3E1D6E871F2691FE00FB119A /* PortalBrowserViewController.swift */,
				949DDF2B242427320038608D /* PortalBrowser.storyboard */,
			);
			path = "Portal Browser";
			sourceTree = "<group>";
		};
		949DDF2F2425798B0038608D /* PKHUD */ = {
			isa = PBXGroup;
			children = (
				949DDF302425798B0038608D /* PKHUDSystemActivityIndicatorView.swift */,
				949DDF312425798B0038608D /* PKHUDAnimation.swift */,
				949DDF322425798B0038608D /* PKHUDAnimating.swift */,
				949DDF332425798B0038608D /* FrameView.swift */,
				949DDF342425798B0038608D /* PKHUD.swift */,
				949DDF352425798B0038608D /* PKHUDSuccessView.swift */,
				949DDF362425798B0038608D /* PKHUDAssets.swift */,
				949DDF372425798B0038608D /* PKHUDWideBaseView.swift */,
				949DDF382425798B0038608D /* PKHUDTextView.swift */,
				949DDF392425798B0038608D /* HUD.swift */,
				949DDF3A2425798B0038608D /* PKHUDRotatingImageView.swift */,
				949DDF3B2425798B0038608D /* Window.swift */,
				949DDF3C2425798B0038608D /* WindowRootViewController.swift */,
				949DDF3D2425798B0038608D /* PKHUDProgressView.swift */,
				949DDF3E2425798B0038608D /* Images.xcassets */,
				949DDF3F2425798B0038608D /* PKHUDSquareBaseView.swift */,
				949DDF402425798B0038608D /* PKHUDErrorView.swift */,
				949DDF412425798B0038608D /* PKHUD.h */,
			);
			path = PKHUD;
			sourceTree = "<group>";
		};
		94C72935242012A900F37D96 /* Search */ = {
			isa = PBXGroup;
			children = (
				3EDC846E1F1FF165002DBCF2 /* LocatorSuggestionController.swift */,
				94C72936242012C500F37D96 /* LocatorSearch.storyboard */,
			);
			path = Search;
			sourceTree = "<group>";
		};
		94C729382420138600F37D96 /* Map */ = {
			isa = PBXGroup;
			children = (
				3EDC84631F1ED3E7002DBCF2 /* MapViewController.swift */,
				94C729392420139800F37D96 /* Map.storyboard */,
			);
			path = Map;
			sourceTree = "<group>";
		};
		94C7293C2420172A00F37D96 /* Map Package */ = {
			isa = PBXGroup;
			children = (
				94C7293D2420175200F37D96 /* MapPackage.storyboard */,
				94A53EC82420366B006B0A27 /* MapPackageViewController.swift */,
			);
			path = "Map Package";
			sourceTree = "<group>";
		};
		94D55EC1246C93940055BEFE /* Frameworks */ = {
			isa = PBXGroup;
			children = (
				E4F93A5E255CA3ED00298E30 /* ArcGIS.xcframework */,
			);
			name = Frameworks;
			sourceTree = "<group>";
		};
/* End PBXGroup section */

/* Begin PBXNativeTarget section */
		3EDC84451F1E8B94002DBCF2 /* mapbook-iOS */ = {
			isa = PBXNativeTarget;
			buildConfigurationList = 3EDC84581F1E8B94002DBCF2 /* Build configuration list for PBXNativeTarget "mapbook-iOS" */;
			buildPhases = (
				3EDC84421F1E8B94002DBCF2 /* Sources */,
				3EDC84431F1E8B94002DBCF2 /* Frameworks */,
				3EDC84441F1E8B94002DBCF2 /* Resources */,
				94AB9D33225E8C090040D989 /* Embed Frameworks */,
			);
			buildRules = (
			);
			dependencies = (
			);
			name = "mapbook-iOS";
			packageProductDependencies = (
			);
			productName = "mapbook-iOS";
			productReference = 3EDC84461F1E8B94002DBCF2 /* mapbook-iOS.app */;
			productType = "com.apple.product-type.application";
		};
/* End PBXNativeTarget section */

/* Begin PBXProject section */
		3EDC843E1F1E8B94002DBCF2 /* Project object */ = {
			isa = PBXProject;
			attributes = {
				LastSwiftUpdateCheck = 0830;
				LastUpgradeCheck = 1200;
				ORGANIZATIONNAME = "Gagandeep Singh";
				TargetAttributes = {
					3EDC84451F1E8B94002DBCF2 = {
						CreatedOnToolsVersion = 8.3.3;
						LastSwiftMigration = 1020;
						ProvisioningStyle = Automatic;
					};
				};
			};
			buildConfigurationList = 3EDC84411F1E8B94002DBCF2 /* Build configuration list for PBXProject "mapbook-iOS" */;
			compatibilityVersion = "Xcode 3.2";
			developmentRegion = en;
			hasScannedForEncodings = 0;
			knownRegions = (
				en,
				Base,
			);
			mainGroup = 3EDC843D1F1E8B94002DBCF2;
			packageReferences = (
			);
			productRefGroup = 3EDC84471F1E8B94002DBCF2 /* Products */;
			projectDirPath = "";
			projectReferences = (
				{
					ProductGroup = 946C499E248AE49600A717D2 /* Products */;
					ProjectRef = 946C499D248AE49600A717D2 /* ArcGISToolkit.xcodeproj */;
				},
			);
			projectRoot = "";
			targets = (
				3EDC84451F1E8B94002DBCF2 /* mapbook-iOS */,
			);
		};
/* End PBXProject section */

/* Begin PBXReferenceProxy section */
		946C49A3248AE49600A717D2 /* ArcGISToolkit.framework */ = {
			isa = PBXReferenceProxy;
			fileType = wrapper.framework;
			path = ArcGISToolkit.framework;
			remoteRef = 946C49A2248AE49600A717D2 /* PBXContainerItemProxy */;
			sourceTree = BUILT_PRODUCTS_DIR;
		};
		946C49A5248AE49600A717D2 /* ArcGISToolkitTests.xctest */ = {
			isa = PBXReferenceProxy;
			fileType = wrapper.cfbundle;
			path = ArcGISToolkitTests.xctest;
			remoteRef = 946C49A4248AE49600A717D2 /* PBXContainerItemProxy */;
			sourceTree = BUILT_PRODUCTS_DIR;
		};
/* End PBXReferenceProxy section */

/* Begin PBXResourcesBuildPhase section */
		3EDC84441F1E8B94002DBCF2 /* Resources */ = {
			isa = PBXResourcesBuildPhase;
			buildActionMask = 2147483647;
			files = (
				944FC14F202404C1007535DB /* AppIcon.xcassets in Resources */,
				94C7293A2420139800F37D96 /* Map.storyboard in Resources */,
				3EDC84541F1E8B94002DBCF2 /* LaunchScreen.storyboard in Resources */,
				946987BD2421697200100FA2 /* PortalAuth.storyboard in Resources */,
				3EDC84511F1E8B94002DBCF2 /* Assets.xcassets in Resources */,
				943C61292420111600FEF4F7 /* Legend.storyboard in Resources */,
				944FD85D2434E81B00B9F2FF /* calcite.xcassets in Resources */,
				94C72937242012C500F37D96 /* LocatorSearch.storyboard in Resources */,
				949DDF2C242427320038608D /* PortalBrowser.storyboard in Resources */,
				949DDF512425798B0038608D /* Images.xcassets in Resources */,
				94C7293E2420175200F37D96 /* MapPackage.storyboard in Resources */,
				3EDC844F1F1E8B94002DBCF2 /* MapPackagesList.storyboard in Resources */,
			);
			runOnlyForDeploymentPostprocessing = 0;
		};
/* End PBXResourcesBuildPhase section */

/* Begin PBXSourcesBuildPhase section */
		3EDC84421F1E8B94002DBCF2 /* Sources */ = {
			isa = PBXSourcesBuildPhase;
			buildActionMask = 2147483647;
			files = (
				949DDF4E2425798B0038608D /* Window.swift in Sources */,
				949DDF442425798B0038608D /* PKHUDAnimation.swift in Sources */,
				943C611A241AD60100FEF4F7 /* AGSMobileMapPackage+Helper.swift in Sources */,
				946987BF24216F0D00100FA2 /* PortalAuthViewController.swift in Sources */,
				949DDF472425798B0038608D /* PKHUD.swift in Sources */,
				949DDF4D2425798B0038608D /* PKHUDRotatingImageView.swift in Sources */,
				949DDF522425798B0038608D /* PKHUDSquareBaseView.swift in Sources */,
				94A9196A24198BCE0086E808 /* PortalSessionManager.swift in Sources */,
				3EDC846A1F1FD5BC002DBCF2 /* LayerCell.swift in Sources */,
				949DDF432425798B0038608D /* PKHUDSystemActivityIndicatorView.swift in Sources */,
				3ECCFF901F2AAB6100E703B8 /* AppContext.swift in Sources */,
				949DDF4A2425798B0038608D /* PKHUDWideBaseView.swift in Sources */,
				3EDC84681F1FD4A6002DBCF2 /* LegendInfoCell.swift in Sources */,
				949DDF4C2425798B0038608D /* HUD.swift in Sources */,
				949DDF242422D40F0038608D /* MapPackagesListViewController.swift in Sources */,
				949DDF4F2425798B0038608D /* WindowRootViewController.swift in Sources */,
				3EDC846F1F1FF165002DBCF2 /* LocatorSuggestionController.swift in Sources */,
				3EDC844A1F1E8B94002DBCF2 /* AppDelegate.swift in Sources */,
				943C6121241BD90300FEF4F7 /* PackageManager.swift in Sources */,
				949DDF502425798B0038608D /* PKHUDProgressView.swift in Sources */,
				9494DD522175025F00DE04A5 /* Bundle+Version.swift in Sources */,
				94A53EC92420366B006B0A27 /* MapPackageViewController.swift in Sources */,
				943C611F241B04F700FEF4F7 /* PortalPackageSearchManager.swift in Sources */,
				3E1D6E8E1F280D0300FB119A /* PortalItemCell.swift in Sources */,
				946987C32422934000100FA2 /* PortalHomeViewController.swift in Sources */,
				949DDF452425798B0038608D /* PKHUDAnimating.swift in Sources */,
				949DDF532425798B0038608D /* PKHUDErrorView.swift in Sources */,
				3EDC84661F1FC335002DBCF2 /* LegendViewController.swift in Sources */,
				3E1D6E881F2691FF00FB119A /* PortalBrowserViewController.swift in Sources */,
				949DDF4B2425798B0038608D /* PKHUDTextView.swift in Sources */,
				9494DD57217502C200DE04A5 /* UIColor+House.swift in Sources */,
				3E062F601F424C350061D84F /* AppSettings.swift in Sources */,
				949DDF482425798B0038608D /* PKHUDSuccessView.swift in Sources */,
				949E1859217674B800FF1499 /* URL+ArcGISOnline.swift in Sources */,
				949DDF492425798B0038608D /* PKHUDAssets.swift in Sources */,
				946987BA242142F700100FA2 /* UITextView+Padding.swift in Sources */,
				946987C124218FB000100FA2 /* PortalSignInViewController.swift in Sources */,
				3EDC84641F1ED3E7002DBCF2 /* MapViewController.swift in Sources */,
				949DDF462425798B0038608D /* FrameView.swift in Sources */,
			);
			runOnlyForDeploymentPostprocessing = 0;
		};
/* End PBXSourcesBuildPhase section */

/* Begin PBXVariantGroup section */
		3EDC844D1F1E8B94002DBCF2 /* MapPackagesList.storyboard */ = {
			isa = PBXVariantGroup;
			children = (
				3EDC844E1F1E8B94002DBCF2 /* Base */,
			);
			name = MapPackagesList.storyboard;
			sourceTree = "<group>";
		};
		3EDC84521F1E8B94002DBCF2 /* LaunchScreen.storyboard */ = {
			isa = PBXVariantGroup;
			children = (
				3EDC84531F1E8B94002DBCF2 /* Base */,
			);
			name = LaunchScreen.storyboard;
			sourceTree = "<group>";
		};
/* End PBXVariantGroup section */

/* Begin XCBuildConfiguration section */
		3EDC84561F1E8B94002DBCF2 /* Debug */ = {
			isa = XCBuildConfiguration;
			buildSettings = {
				ALWAYS_SEARCH_USER_PATHS = NO;
				CLANG_ANALYZER_NONNULL = YES;
				CLANG_ANALYZER_NUMBER_OBJECT_CONVERSION = YES_AGGRESSIVE;
				CLANG_CXX_LANGUAGE_STANDARD = "gnu++0x";
				CLANG_CXX_LIBRARY = "libc++";
				CLANG_ENABLE_MODULES = YES;
				CLANG_ENABLE_OBJC_ARC = YES;
				CLANG_WARN_BLOCK_CAPTURE_AUTORELEASING = YES;
				CLANG_WARN_BOOL_CONVERSION = YES;
				CLANG_WARN_COMMA = YES;
				CLANG_WARN_CONSTANT_CONVERSION = YES;
				CLANG_WARN_DEPRECATED_OBJC_IMPLEMENTATIONS = YES;
				CLANG_WARN_DIRECT_OBJC_ISA_USAGE = YES_ERROR;
				CLANG_WARN_DOCUMENTATION_COMMENTS = YES;
				CLANG_WARN_EMPTY_BODY = YES;
				CLANG_WARN_ENUM_CONVERSION = YES;
				CLANG_WARN_INFINITE_RECURSION = YES;
				CLANG_WARN_INT_CONVERSION = YES;
				CLANG_WARN_NON_LITERAL_NULL_CONVERSION = YES;
				CLANG_WARN_OBJC_IMPLICIT_RETAIN_SELF = YES;
				CLANG_WARN_OBJC_LITERAL_CONVERSION = YES;
				CLANG_WARN_OBJC_ROOT_CLASS = YES_ERROR;
				CLANG_WARN_QUOTED_INCLUDE_IN_FRAMEWORK_HEADER = YES;
				CLANG_WARN_RANGE_LOOP_ANALYSIS = YES;
				CLANG_WARN_STRICT_PROTOTYPES = YES;
				CLANG_WARN_SUSPICIOUS_MOVE = YES;
				CLANG_WARN_UNREACHABLE_CODE = YES;
				CLANG_WARN__DUPLICATE_METHOD_MATCH = YES;
				"CODE_SIGN_IDENTITY[sdk=iphoneos*]" = "iPhone Developer";
				COPY_PHASE_STRIP = NO;
				DEBUG_INFORMATION_FORMAT = dwarf;
				ENABLE_STRICT_OBJC_MSGSEND = YES;
				ENABLE_TESTABILITY = YES;
				GCC_C_LANGUAGE_STANDARD = gnu99;
				GCC_DYNAMIC_NO_PIC = NO;
				GCC_NO_COMMON_BLOCKS = YES;
				GCC_OPTIMIZATION_LEVEL = 0;
				GCC_PREPROCESSOR_DEFINITIONS = (
					"DEBUG=1",
					"$(inherited)",
				);
				GCC_WARN_64_TO_32_BIT_CONVERSION = YES;
				GCC_WARN_ABOUT_RETURN_TYPE = YES_ERROR;
				GCC_WARN_UNDECLARED_SELECTOR = YES;
				GCC_WARN_UNINITIALIZED_AUTOS = YES_AGGRESSIVE;
				GCC_WARN_UNUSED_FUNCTION = YES;
				GCC_WARN_UNUSED_VARIABLE = YES;
				IPHONEOS_DEPLOYMENT_TARGET = 13.0;
				MTL_ENABLE_DEBUG_INFO = YES;
				ONLY_ACTIVE_ARCH = YES;
				SDKROOT = iphoneos;
				SWIFT_ACTIVE_COMPILATION_CONDITIONS = DEBUG;
				SWIFT_OPTIMIZATION_LEVEL = "-Onone";
				TARGETED_DEVICE_FAMILY = 2;
			};
			name = Debug;
		};
		3EDC84571F1E8B94002DBCF2 /* Release */ = {
			isa = XCBuildConfiguration;
			buildSettings = {
				ALWAYS_SEARCH_USER_PATHS = NO;
				CLANG_ANALYZER_NONNULL = YES;
				CLANG_ANALYZER_NUMBER_OBJECT_CONVERSION = YES_AGGRESSIVE;
				CLANG_CXX_LANGUAGE_STANDARD = "gnu++0x";
				CLANG_CXX_LIBRARY = "libc++";
				CLANG_ENABLE_MODULES = YES;
				CLANG_ENABLE_OBJC_ARC = YES;
				CLANG_WARN_BLOCK_CAPTURE_AUTORELEASING = YES;
				CLANG_WARN_BOOL_CONVERSION = YES;
				CLANG_WARN_COMMA = YES;
				CLANG_WARN_CONSTANT_CONVERSION = YES;
				CLANG_WARN_DEPRECATED_OBJC_IMPLEMENTATIONS = YES;
				CLANG_WARN_DIRECT_OBJC_ISA_USAGE = YES_ERROR;
				CLANG_WARN_DOCUMENTATION_COMMENTS = YES;
				CLANG_WARN_EMPTY_BODY = YES;
				CLANG_WARN_ENUM_CONVERSION = YES;
				CLANG_WARN_INFINITE_RECURSION = YES;
				CLANG_WARN_INT_CONVERSION = YES;
				CLANG_WARN_NON_LITERAL_NULL_CONVERSION = YES;
				CLANG_WARN_OBJC_IMPLICIT_RETAIN_SELF = YES;
				CLANG_WARN_OBJC_LITERAL_CONVERSION = YES;
				CLANG_WARN_OBJC_ROOT_CLASS = YES_ERROR;
				CLANG_WARN_QUOTED_INCLUDE_IN_FRAMEWORK_HEADER = YES;
				CLANG_WARN_RANGE_LOOP_ANALYSIS = YES;
				CLANG_WARN_STRICT_PROTOTYPES = YES;
				CLANG_WARN_SUSPICIOUS_MOVE = YES;
				CLANG_WARN_UNREACHABLE_CODE = YES;
				CLANG_WARN__DUPLICATE_METHOD_MATCH = YES;
				"CODE_SIGN_IDENTITY[sdk=iphoneos*]" = "iPhone Developer";
				COPY_PHASE_STRIP = NO;
				DEBUG_INFORMATION_FORMAT = "dwarf-with-dsym";
				ENABLE_NS_ASSERTIONS = NO;
				ENABLE_STRICT_OBJC_MSGSEND = YES;
				GCC_C_LANGUAGE_STANDARD = gnu99;
				GCC_NO_COMMON_BLOCKS = YES;
				GCC_WARN_64_TO_32_BIT_CONVERSION = YES;
				GCC_WARN_ABOUT_RETURN_TYPE = YES_ERROR;
				GCC_WARN_UNDECLARED_SELECTOR = YES;
				GCC_WARN_UNINITIALIZED_AUTOS = YES_AGGRESSIVE;
				GCC_WARN_UNUSED_FUNCTION = YES;
				GCC_WARN_UNUSED_VARIABLE = YES;
				IPHONEOS_DEPLOYMENT_TARGET = 13.0;
				MTL_ENABLE_DEBUG_INFO = NO;
				SDKROOT = iphoneos;
				SWIFT_COMPILATION_MODE = wholemodule;
				SWIFT_OPTIMIZATION_LEVEL = "-O";
				TARGETED_DEVICE_FAMILY = 2;
				VALIDATE_PRODUCT = YES;
			};
			name = Release;
		};
		3EDC84591F1E8B94002DBCF2 /* Debug */ = {
			isa = XCBuildConfiguration;
			buildSettings = {
				ASSETCATALOG_COMPILER_APPICON_NAME = AppIcon;
				"CODE_SIGN_IDENTITY[sdk=iphoneos*]" = "iPhone Developer";
				CODE_SIGN_STYLE = Automatic;
				CURRENT_PROJECT_VERSION = 0;
				DEVELOPMENT_TEAM = "";
				INFOPLIST_FILE = "mapbook-iOS/Info.plist";
				IPHONEOS_DEPLOYMENT_TARGET = 13.0;
				LD_RUNPATH_SEARCH_PATHS = (
					"$(inherited)",
					"@executable_path/Frameworks",
				);
				MARKETING_VERSION = 2.0.3;
				OTHER_LDFLAGS = "";
				PRODUCT_BUNDLE_IDENTIFIER = com.esri.arcgisruntime.opensourceapps.mapbook;
				PRODUCT_NAME = "$(TARGET_NAME)";
				PROVISIONING_PROFILE_SPECIFIER = "";
				SWIFT_VERSION = 5.0;
				TARGETED_DEVICE_FAMILY = "1,2";
			};
			name = Debug;
		};
		3EDC845A1F1E8B94002DBCF2 /* Release */ = {
			isa = XCBuildConfiguration;
			buildSettings = {
				ASSETCATALOG_COMPILER_APPICON_NAME = AppIcon;
				"CODE_SIGN_IDENTITY[sdk=iphoneos*]" = "iPhone Developer";
				CODE_SIGN_STYLE = Automatic;
				CURRENT_PROJECT_VERSION = 0;
				DEVELOPMENT_TEAM = "";
				INFOPLIST_FILE = "mapbook-iOS/Info.plist";
				IPHONEOS_DEPLOYMENT_TARGET = 13.0;
				LD_RUNPATH_SEARCH_PATHS = (
					"$(inherited)",
					"@executable_path/Frameworks",
				);
				MARKETING_VERSION = 2.0.3;
				OTHER_LDFLAGS = "";
				PRODUCT_BUNDLE_IDENTIFIER = com.esri.arcgisruntime.opensourceapps.mapbook;
				PRODUCT_NAME = "$(TARGET_NAME)";
				PROVISIONING_PROFILE_SPECIFIER = "";
				SWIFT_VERSION = 5.0;
				TARGETED_DEVICE_FAMILY = "1,2";
			};
			name = Release;
		};
/* End XCBuildConfiguration section */

/* Begin XCConfigurationList section */
		3EDC84411F1E8B94002DBCF2 /* Build configuration list for PBXProject "mapbook-iOS" */ = {
			isa = XCConfigurationList;
			buildConfigurations = (
				3EDC84561F1E8B94002DBCF2 /* Debug */,
				3EDC84571F1E8B94002DBCF2 /* Release */,
			);
			defaultConfigurationIsVisible = 0;
			defaultConfigurationName = Release;
		};
		3EDC84581F1E8B94002DBCF2 /* Build configuration list for PBXNativeTarget "mapbook-iOS" */ = {
			isa = XCConfigurationList;
			buildConfigurations = (
				3EDC84591F1E8B94002DBCF2 /* Debug */,
				3EDC845A1F1E8B94002DBCF2 /* Release */,
			);
			defaultConfigurationIsVisible = 0;
			defaultConfigurationName = Release;
		};
/* End XCConfigurationList section */
	};
	rootObject = 3EDC843E1F1E8B94002DBCF2 /* Project object */;
}
