// !$*UTF8*$!
{
	archiveVersion = 1;
	classes = {
	};
	objectVersion = 46;
	objects = {

/* Begin PBXBuildFile section */
		3E062F601F424C350061D84F /* AppSettings.swift in Sources */ = {isa = PBXBuildFile; fileRef = 3E062F5F1F424C350061D84F /* AppSettings.swift */; };
		3E1D6E881F2691FF00FB119A /* PortalItemsListViewController.swift in Sources */ = {isa = PBXBuildFile; fileRef = 3E1D6E871F2691FE00FB119A /* PortalItemsListViewController.swift */; };
		3E1D6E8C1F27F35D00FB119A /* LocalPackagesListViewController.swift in Sources */ = {isa = PBXBuildFile; fileRef = 3E1D6E8B1F27F35D00FB119A /* LocalPackagesListViewController.swift */; };
		3E1D6E8E1F280D0300FB119A /* PortalItemCell.swift in Sources */ = {isa = PBXBuildFile; fileRef = 3E1D6E8D1F280D0300FB119A /* PortalItemCell.swift */; };
		3E1D6E901F2852D600FB119A /* LocalPackageCell.swift in Sources */ = {isa = PBXBuildFile; fileRef = 3E1D6E8F1F2852D600FB119A /* LocalPackageCell.swift */; };
		3E6E06B71F2FCC3900921439 /* PortalURLViewController.swift in Sources */ = {isa = PBXBuildFile; fileRef = 3E6E06B61F2FCC3900921439 /* PortalURLViewController.swift */; };
		3E6E06C01F3237FA00921439 /* SVIndefiniteAnimatedView.m in Sources */ = {isa = PBXBuildFile; fileRef = 3E6E06BB1F3237FA00921439 /* SVIndefiniteAnimatedView.m */; };
		3E6E06C11F3237FA00921439 /* SVProgressHUD.bundle in Resources */ = {isa = PBXBuildFile; fileRef = 3E6E06BD1F3237FA00921439 /* SVProgressHUD.bundle */; };
		3E6E06C21F3237FA00921439 /* SVProgressHUD.m in Sources */ = {isa = PBXBuildFile; fileRef = 3E6E06BF1F3237FA00921439 /* SVProgressHUD.m */; };
		3E9222821F562AEE00DA0165 /* DirectoryType.swift in Sources */ = {isa = PBXBuildFile; fileRef = 3E9222811F562AEE00DA0165 /* DirectoryType.swift */; };
		3EA6873F1F3A81DC004B8430 /* InitialViewController.swift in Sources */ = {isa = PBXBuildFile; fileRef = 3EA6873E1F3A81DC004B8430 /* InitialViewController.swift */; };
		3EA687411F3BBAAA004B8430 /* UserProfileViewController.swift in Sources */ = {isa = PBXBuildFile; fileRef = 3EA687401F3BBAAA004B8430 /* UserProfileViewController.swift */; };
		3ECCFF901F2AAB6100E703B8 /* AppContext.swift in Sources */ = {isa = PBXBuildFile; fileRef = 3ECCFF8F1F2AAB6100E703B8 /* AppContext.swift */; };
		3EDC844A1F1E8B94002DBCF2 /* AppDelegate.swift in Sources */ = {isa = PBXBuildFile; fileRef = 3EDC84491F1E8B94002DBCF2 /* AppDelegate.swift */; };
		3EDC844F1F1E8B94002DBCF2 /* Main.storyboard in Resources */ = {isa = PBXBuildFile; fileRef = 3EDC844D1F1E8B94002DBCF2 /* Main.storyboard */; };
		3EDC84511F1E8B94002DBCF2 /* Assets.xcassets in Resources */ = {isa = PBXBuildFile; fileRef = 3EDC84501F1E8B94002DBCF2 /* Assets.xcassets */; };
		3EDC84541F1E8B94002DBCF2 /* LaunchScreen.storyboard in Resources */ = {isa = PBXBuildFile; fileRef = 3EDC84521F1E8B94002DBCF2 /* LaunchScreen.storyboard */; };
		3EDC84601F1E8C28002DBCF2 /* PackageViewController.swift in Sources */ = {isa = PBXBuildFile; fileRef = 3EDC845F1F1E8C28002DBCF2 /* PackageViewController.swift */; };
		3EDC84621F1EC0CD002DBCF2 /* MapCell.swift in Sources */ = {isa = PBXBuildFile; fileRef = 3EDC84611F1EC0CD002DBCF2 /* MapCell.swift */; };
		3EDC84641F1ED3E7002DBCF2 /* MapViewController.swift in Sources */ = {isa = PBXBuildFile; fileRef = 3EDC84631F1ED3E7002DBCF2 /* MapViewController.swift */; };
		3EDC84661F1FC335002DBCF2 /* LegendViewController.swift in Sources */ = {isa = PBXBuildFile; fileRef = 3EDC84651F1FC335002DBCF2 /* LegendViewController.swift */; };
		3EDC84681F1FD4A6002DBCF2 /* LegendInfoCell.swift in Sources */ = {isa = PBXBuildFile; fileRef = 3EDC84671F1FD4A6002DBCF2 /* LegendInfoCell.swift */; };
		3EDC846A1F1FD5BC002DBCF2 /* LayerCell.swift in Sources */ = {isa = PBXBuildFile; fileRef = 3EDC84691F1FD5BC002DBCF2 /* LayerCell.swift */; };
		3EDC846D1F1FDC93002DBCF2 /* BookmarksViewController.swift in Sources */ = {isa = PBXBuildFile; fileRef = 3EDC846C1F1FDC93002DBCF2 /* BookmarksViewController.swift */; };
		3EDC846F1F1FF165002DBCF2 /* SearchViewController.swift in Sources */ = {isa = PBXBuildFile; fileRef = 3EDC846E1F1FF165002DBCF2 /* SearchViewController.swift */; };
		3EEBD31D1F42183700DB4AAA /* AppContext+Local.swift in Sources */ = {isa = PBXBuildFile; fileRef = 3EEBD31C1F42183700DB4AAA /* AppContext+Local.swift */; };
		3EEBD31F1F4218B700DB4AAA /* AppContext+Portal.swift in Sources */ = {isa = PBXBuildFile; fileRef = 3EEBD31E1F4218B700DB4AAA /* AppContext+Portal.swift */; };
		3EEBD3211F42196000DB4AAA /* AppContext+Helper.swift in Sources */ = {isa = PBXBuildFile; fileRef = 3EEBD3201F42196000DB4AAA /* AppContext+Helper.swift */; };
		3EEBD3241F42261300DB4AAA /* AppMode.swift in Sources */ = {isa = PBXBuildFile; fileRef = 3EEBD3231F42261300DB4AAA /* AppMode.swift */; };
		3EEBD3281F423FE300DB4AAA /* AppContext+Login.swift in Sources */ = {isa = PBXBuildFile; fileRef = 3EEBD3271F423FE300DB4AAA /* AppContext+Login.swift */; };
		944FC14F202404C1007535DB /* AppIcon.xcassets in Resources */ = {isa = PBXBuildFile; fileRef = 944FC14E202404C1007535DB /* AppIcon.xcassets */; };
		944FC151202404F3007535DB /* ArcGIS.bundle in Resources */ = {isa = PBXBuildFile; fileRef = 944FC150202404F3007535DB /* ArcGIS.bundle */; };
/* End PBXBuildFile section */

/* Begin PBXFileReference section */
		3E062F5F1F424C350061D84F /* AppSettings.swift */ = {isa = PBXFileReference; fileEncoding = 4; lastKnownFileType = sourcecode.swift; path = AppSettings.swift; sourceTree = "<group>"; };
		3E1D6E871F2691FE00FB119A /* PortalItemsListViewController.swift */ = {isa = PBXFileReference; fileEncoding = 4; lastKnownFileType = sourcecode.swift; path = PortalItemsListViewController.swift; sourceTree = "<group>"; };
		3E1D6E8B1F27F35D00FB119A /* LocalPackagesListViewController.swift */ = {isa = PBXFileReference; fileEncoding = 4; lastKnownFileType = sourcecode.swift; path = LocalPackagesListViewController.swift; sourceTree = "<group>"; };
		3E1D6E8D1F280D0300FB119A /* PortalItemCell.swift */ = {isa = PBXFileReference; fileEncoding = 4; lastKnownFileType = sourcecode.swift; path = PortalItemCell.swift; sourceTree = "<group>"; };
		3E1D6E8F1F2852D600FB119A /* LocalPackageCell.swift */ = {isa = PBXFileReference; fileEncoding = 4; lastKnownFileType = sourcecode.swift; path = LocalPackageCell.swift; sourceTree = "<group>"; };
		3E6E06B61F2FCC3900921439 /* PortalURLViewController.swift */ = {isa = PBXFileReference; fileEncoding = 4; lastKnownFileType = sourcecode.swift; path = PortalURLViewController.swift; sourceTree = "<group>"; };
		3E6E06BA1F3237FA00921439 /* SVIndefiniteAnimatedView.h */ = {isa = PBXFileReference; fileEncoding = 4; lastKnownFileType = sourcecode.c.h; path = SVIndefiniteAnimatedView.h; sourceTree = "<group>"; };
		3E6E06BB1F3237FA00921439 /* SVIndefiniteAnimatedView.m */ = {isa = PBXFileReference; fileEncoding = 4; lastKnownFileType = sourcecode.c.objc; path = SVIndefiniteAnimatedView.m; sourceTree = "<group>"; };
		3E6E06BC1F3237FA00921439 /* SVProgressHUD-Prefix.pch */ = {isa = PBXFileReference; fileEncoding = 4; lastKnownFileType = sourcecode.c.h; path = "SVProgressHUD-Prefix.pch"; sourceTree = "<group>"; };
		3E6E06BD1F3237FA00921439 /* SVProgressHUD.bundle */ = {isa = PBXFileReference; lastKnownFileType = "wrapper.plug-in"; path = SVProgressHUD.bundle; sourceTree = "<group>"; };
		3E6E06BE1F3237FA00921439 /* SVProgressHUD.h */ = {isa = PBXFileReference; fileEncoding = 4; lastKnownFileType = sourcecode.c.h; path = SVProgressHUD.h; sourceTree = "<group>"; };
		3E6E06BF1F3237FA00921439 /* SVProgressHUD.m */ = {isa = PBXFileReference; fileEncoding = 4; lastKnownFileType = sourcecode.c.objc; path = SVProgressHUD.m; sourceTree = "<group>"; };
		3E6E06C31F32385800921439 /* mapbook-iOSBridgingHeader.h */ = {isa = PBXFileReference; lastKnownFileType = sourcecode.c.h; path = "mapbook-iOSBridgingHeader.h"; sourceTree = "<group>"; };
		3E9222811F562AEE00DA0165 /* DirectoryType.swift */ = {isa = PBXFileReference; lastKnownFileType = sourcecode.swift; name = DirectoryType.swift; path = Enums/DirectoryType.swift; sourceTree = "<group>"; };
		3EA6873E1F3A81DC004B8430 /* InitialViewController.swift */ = {isa = PBXFileReference; fileEncoding = 4; lastKnownFileType = sourcecode.swift; path = InitialViewController.swift; sourceTree = "<group>"; };
		3EA687401F3BBAAA004B8430 /* UserProfileViewController.swift */ = {isa = PBXFileReference; fileEncoding = 4; lastKnownFileType = sourcecode.swift; path = UserProfileViewController.swift; sourceTree = "<group>"; };
		3ECCFF8F1F2AAB6100E703B8 /* AppContext.swift */ = {isa = PBXFileReference; fileEncoding = 4; lastKnownFileType = sourcecode.swift; path = AppContext.swift; sourceTree = "<group>"; };
		3EDC84461F1E8B94002DBCF2 /* mapbook-iOS.app */ = {isa = PBXFileReference; explicitFileType = wrapper.application; includeInIndex = 0; path = "mapbook-iOS.app"; sourceTree = BUILT_PRODUCTS_DIR; };
		3EDC84491F1E8B94002DBCF2 /* AppDelegate.swift */ = {isa = PBXFileReference; lastKnownFileType = sourcecode.swift; path = AppDelegate.swift; sourceTree = "<group>"; };
		3EDC844E1F1E8B94002DBCF2 /* Base */ = {isa = PBXFileReference; lastKnownFileType = file.storyboard; name = Base; path = Base.lproj/Main.storyboard; sourceTree = "<group>"; };
		3EDC84501F1E8B94002DBCF2 /* Assets.xcassets */ = {isa = PBXFileReference; lastKnownFileType = folder.assetcatalog; path = Assets.xcassets; sourceTree = "<group>"; };
		3EDC84531F1E8B94002DBCF2 /* Base */ = {isa = PBXFileReference; lastKnownFileType = file.storyboard; name = Base; path = Base.lproj/LaunchScreen.storyboard; sourceTree = "<group>"; };
		3EDC84551F1E8B94002DBCF2 /* Info.plist */ = {isa = PBXFileReference; lastKnownFileType = text.plist.xml; path = Info.plist; sourceTree = "<group>"; };
		3EDC845F1F1E8C28002DBCF2 /* PackageViewController.swift */ = {isa = PBXFileReference; fileEncoding = 4; lastKnownFileType = sourcecode.swift; path = PackageViewController.swift; sourceTree = "<group>"; };
		3EDC84611F1EC0CD002DBCF2 /* MapCell.swift */ = {isa = PBXFileReference; fileEncoding = 4; lastKnownFileType = sourcecode.swift; path = MapCell.swift; sourceTree = "<group>"; };
		3EDC84631F1ED3E7002DBCF2 /* MapViewController.swift */ = {isa = PBXFileReference; fileEncoding = 4; lastKnownFileType = sourcecode.swift; path = MapViewController.swift; sourceTree = "<group>"; };
		3EDC84651F1FC335002DBCF2 /* LegendViewController.swift */ = {isa = PBXFileReference; fileEncoding = 4; lastKnownFileType = sourcecode.swift; path = LegendViewController.swift; sourceTree = "<group>"; };
		3EDC84671F1FD4A6002DBCF2 /* LegendInfoCell.swift */ = {isa = PBXFileReference; fileEncoding = 4; lastKnownFileType = sourcecode.swift; path = LegendInfoCell.swift; sourceTree = "<group>"; };
		3EDC84691F1FD5BC002DBCF2 /* LayerCell.swift */ = {isa = PBXFileReference; fileEncoding = 4; lastKnownFileType = sourcecode.swift; path = LayerCell.swift; sourceTree = "<group>"; };
		3EDC846C1F1FDC93002DBCF2 /* BookmarksViewController.swift */ = {isa = PBXFileReference; fileEncoding = 4; lastKnownFileType = sourcecode.swift; path = BookmarksViewController.swift; sourceTree = "<group>"; };
		3EDC846E1F1FF165002DBCF2 /* SearchViewController.swift */ = {isa = PBXFileReference; fileEncoding = 4; lastKnownFileType = sourcecode.swift; path = SearchViewController.swift; sourceTree = "<group>"; };
		3EEBD31C1F42183700DB4AAA /* AppContext+Local.swift */ = {isa = PBXFileReference; fileEncoding = 4; lastKnownFileType = sourcecode.swift; path = "AppContext+Local.swift"; sourceTree = "<group>"; };
		3EEBD31E1F4218B700DB4AAA /* AppContext+Portal.swift */ = {isa = PBXFileReference; fileEncoding = 4; lastKnownFileType = sourcecode.swift; path = "AppContext+Portal.swift"; sourceTree = "<group>"; };
		3EEBD3201F42196000DB4AAA /* AppContext+Helper.swift */ = {isa = PBXFileReference; fileEncoding = 4; lastKnownFileType = sourcecode.swift; path = "AppContext+Helper.swift"; sourceTree = "<group>"; };
		3EEBD3231F42261300DB4AAA /* AppMode.swift */ = {isa = PBXFileReference; fileEncoding = 4; lastKnownFileType = sourcecode.swift; name = AppMode.swift; path = Enums/AppMode.swift; sourceTree = "<group>"; };
		3EEBD3271F423FE300DB4AAA /* AppContext+Login.swift */ = {isa = PBXFileReference; fileEncoding = 4; lastKnownFileType = sourcecode.swift; path = "AppContext+Login.swift"; sourceTree = "<group>"; };
		944FC14E202404C1007535DB /* AppIcon.xcassets */ = {isa = PBXFileReference; lastKnownFileType = folder.assetcatalog; path = AppIcon.xcassets; sourceTree = "<group>"; };
		944FC150202404F3007535DB /* ArcGIS.bundle */ = {isa = PBXFileReference; lastKnownFileType = "wrapper.plug-in"; name = ArcGIS.bundle; path = ../../../../../Library/SDKs/ArcGIS/iOS/Frameworks/Static/ArcGIS.framework/Versions/Current/Resources/ArcGIS.bundle; sourceTree = "<group>"; };
/* End PBXFileReference section */

/* Begin PBXFrameworksBuildPhase section */
		3EDC84431F1E8B94002DBCF2 /* Frameworks */ = {
			isa = PBXFrameworksBuildPhase;
			buildActionMask = 2147483647;
			files = (
			);
			runOnlyForDeploymentPostprocessing = 0;
		};
/* End PBXFrameworksBuildPhase section */

/* Begin PBXGroup section */
		3E6E06B81F3237B300921439 /* Libraries */ = {
			isa = PBXGroup;
			children = (
				3E6E06B91F3237FA00921439 /* SVProgressHUD */,
			);
			name = Libraries;
			sourceTree = "<group>";
		};
		3E6E06B91F3237FA00921439 /* SVProgressHUD */ = {
			isa = PBXGroup;
			children = (
				3E6E06BA1F3237FA00921439 /* SVIndefiniteAnimatedView.h */,
				3E6E06BB1F3237FA00921439 /* SVIndefiniteAnimatedView.m */,
				3E6E06BC1F3237FA00921439 /* SVProgressHUD-Prefix.pch */,
				3E6E06BD1F3237FA00921439 /* SVProgressHUD.bundle */,
				3E6E06BE1F3237FA00921439 /* SVProgressHUD.h */,
				3E6E06BF1F3237FA00921439 /* SVProgressHUD.m */,
			);
			name = SVProgressHUD;
			path = Libraries/SVProgressHUD;
			sourceTree = "<group>";
		};
		3EDC843D1F1E8B94002DBCF2 = {
			isa = PBXGroup;
			children = (
				3EDC84481F1E8B94002DBCF2 /* mapbook-iOS */,
				3EDC84471F1E8B94002DBCF2 /* Products */,
			);
			sourceTree = "<group>";
		};
		3EDC84471F1E8B94002DBCF2 /* Products */ = {
			isa = PBXGroup;
			children = (
				3EDC84461F1E8B94002DBCF2 /* mapbook-iOS.app */,
			);
			name = Products;
			sourceTree = "<group>";
		};
		3EDC84481F1E8B94002DBCF2 /* mapbook-iOS */ = {
			isa = PBXGroup;
			children = (
				3EEBD3261F423EA800DB4AAA /* View controllers */,
				3EEBD3251F42264200DB4AAA /* AppContext */,
				3EDC846B1F1FD5C0002DBCF2 /* Cells */,
				3EEBD3221F42260000DB4AAA /* Enums */,
				3E6E06B81F3237B300921439 /* Libraries */,
				3EDC84491F1E8B94002DBCF2 /* AppDelegate.swift */,
				3EDC844D1F1E8B94002DBCF2 /* Main.storyboard */,
				3EDC84501F1E8B94002DBCF2 /* Assets.xcassets */,
				944FC14E202404C1007535DB /* AppIcon.xcassets */,
				944FC150202404F3007535DB /* ArcGIS.bundle */,
				3EDC84521F1E8B94002DBCF2 /* LaunchScreen.storyboard */,
				3EDC84551F1E8B94002DBCF2 /* Info.plist */,
				3E6E06C31F32385800921439 /* mapbook-iOSBridgingHeader.h */,
				3E062F5F1F424C350061D84F /* AppSettings.swift */,
			);
			path = "mapbook-iOS";
			sourceTree = "<group>";
		};
		3EDC846B1F1FD5C0002DBCF2 /* Cells */ = {
			isa = PBXGroup;
			children = (
				3EDC84611F1EC0CD002DBCF2 /* MapCell.swift */,
				3EDC84671F1FD4A6002DBCF2 /* LegendInfoCell.swift */,
				3EDC84691F1FD5BC002DBCF2 /* LayerCell.swift */,
				3E1D6E8D1F280D0300FB119A /* PortalItemCell.swift */,
				3E1D6E8F1F2852D600FB119A /* LocalPackageCell.swift */,
			);
			path = Cells;
			sourceTree = "<group>";
		};
		3EEBD3221F42260000DB4AAA /* Enums */ = {
			isa = PBXGroup;
			children = (
				3EEBD3231F42261300DB4AAA /* AppMode.swift */,
				3E9222811F562AEE00DA0165 /* DirectoryType.swift */,
			);
			name = Enums;
			sourceTree = "<group>";
		};
		3EEBD3251F42264200DB4AAA /* AppContext */ = {
			isa = PBXGroup;
			children = (
				3ECCFF8F1F2AAB6100E703B8 /* AppContext.swift */,
				3EEBD31C1F42183700DB4AAA /* AppContext+Local.swift */,
				3EEBD31E1F4218B700DB4AAA /* AppContext+Portal.swift */,
				3EEBD3201F42196000DB4AAA /* AppContext+Helper.swift */,
				3EEBD3271F423FE300DB4AAA /* AppContext+Login.swift */,
			);
			path = AppContext;
			sourceTree = "<group>";
		};
		3EEBD3261F423EA800DB4AAA /* View controllers */ = {
			isa = PBXGroup;
			children = (
				3EA6873E1F3A81DC004B8430 /* InitialViewController.swift */,
				3E1D6E8B1F27F35D00FB119A /* LocalPackagesListViewController.swift */,
				3E6E06B61F2FCC3900921439 /* PortalURLViewController.swift */,
				3E1D6E871F2691FE00FB119A /* PortalItemsListViewController.swift */,
				3EA687401F3BBAAA004B8430 /* UserProfileViewController.swift */,
				3EDC845F1F1E8C28002DBCF2 /* PackageViewController.swift */,
				3EDC84631F1ED3E7002DBCF2 /* MapViewController.swift */,
				3EDC84651F1FC335002DBCF2 /* LegendViewController.swift */,
				3EDC846C1F1FDC93002DBCF2 /* BookmarksViewController.swift */,
				3EDC846E1F1FF165002DBCF2 /* SearchViewController.swift */,
			);
			path = "View controllers";
			sourceTree = "<group>";
		};
/* End PBXGroup section */

/* Begin PBXNativeTarget section */
		3EDC84451F1E8B94002DBCF2 /* mapbook-iOS */ = {
			isa = PBXNativeTarget;
			buildConfigurationList = 3EDC84581F1E8B94002DBCF2 /* Build configuration list for PBXNativeTarget "mapbook-iOS" */;
			buildPhases = (
				3EDC84421F1E8B94002DBCF2 /* Sources */,
				3EDC84431F1E8B94002DBCF2 /* Frameworks */,
				3EDC84441F1E8B94002DBCF2 /* Resources */,
			);
			buildRules = (
			);
			dependencies = (
			);
			name = "mapbook-iOS";
			productName = "mapbook-iOS";
			productReference = 3EDC84461F1E8B94002DBCF2 /* mapbook-iOS.app */;
			productType = "com.apple.product-type.application";
		};
/* End PBXNativeTarget section */

/* Begin PBXProject section */
		3EDC843E1F1E8B94002DBCF2 /* Project object */ = {
			isa = PBXProject;
			attributes = {
				LastSwiftUpdateCheck = 0830;
				LastUpgradeCheck = 0940;
				ORGANIZATIONNAME = "Gagandeep Singh";
				TargetAttributes = {
					3EDC84451F1E8B94002DBCF2 = {
						CreatedOnToolsVersion = 8.3.3;
						LastSwiftMigration = 0940;
						ProvisioningStyle = Automatic;
					};
				};
			};
			buildConfigurationList = 3EDC84411F1E8B94002DBCF2 /* Build configuration list for PBXProject "mapbook-iOS" */;
			compatibilityVersion = "Xcode 3.2";
			developmentRegion = English;
			hasScannedForEncodings = 0;
			knownRegions = (
				en,
				Base,
			);
			mainGroup = 3EDC843D1F1E8B94002DBCF2;
			productRefGroup = 3EDC84471F1E8B94002DBCF2 /* Products */;
			projectDirPath = "";
			projectRoot = "";
			targets = (
				3EDC84451F1E8B94002DBCF2 /* mapbook-iOS */,
			);
		};
/* End PBXProject section */

/* Begin PBXResourcesBuildPhase section */
		3EDC84441F1E8B94002DBCF2 /* Resources */ = {
			isa = PBXResourcesBuildPhase;
			buildActionMask = 2147483647;
			files = (
				944FC151202404F3007535DB /* ArcGIS.bundle in Resources */,
				944FC14F202404C1007535DB /* AppIcon.xcassets in Resources */,
				3E6E06C11F3237FA00921439 /* SVProgressHUD.bundle in Resources */,
				3EDC84541F1E8B94002DBCF2 /* LaunchScreen.storyboard in Resources */,
				3EDC84511F1E8B94002DBCF2 /* Assets.xcassets in Resources */,
				3EDC844F1F1E8B94002DBCF2 /* Main.storyboard in Resources */,
			);
			runOnlyForDeploymentPostprocessing = 0;
		};
/* End PBXResourcesBuildPhase section */

/* Begin PBXSourcesBuildPhase section */
		3EDC84421F1E8B94002DBCF2 /* Sources */ = {
			isa = PBXSourcesBuildPhase;
			buildActionMask = 2147483647;
			files = (
				3EDC846D1F1FDC93002DBCF2 /* BookmarksViewController.swift in Sources */,
				3EDC846A1F1FD5BC002DBCF2 /* LayerCell.swift in Sources */,
				3EA687411F3BBAAA004B8430 /* UserProfileViewController.swift in Sources */,
				3EEBD3281F423FE300DB4AAA /* AppContext+Login.swift in Sources */,
				3E6E06C01F3237FA00921439 /* SVIndefiniteAnimatedView.m in Sources */,
				3EA6873F1F3A81DC004B8430 /* InitialViewController.swift in Sources */,
				3ECCFF901F2AAB6100E703B8 /* AppContext.swift in Sources */,
				3EDC84681F1FD4A6002DBCF2 /* LegendInfoCell.swift in Sources */,
				3E1D6E8C1F27F35D00FB119A /* LocalPackagesListViewController.swift in Sources */,
				3EEBD3241F42261300DB4AAA /* AppMode.swift in Sources */,
				3EEBD31D1F42183700DB4AAA /* AppContext+Local.swift in Sources */,
				3EDC846F1F1FF165002DBCF2 /* SearchViewController.swift in Sources */,
				3EDC844A1F1E8B94002DBCF2 /* AppDelegate.swift in Sources */,
				3E1D6E901F2852D600FB119A /* LocalPackageCell.swift in Sources */,
				3EDC84601F1E8C28002DBCF2 /* PackageViewController.swift in Sources */,
				3EEBD3211F42196000DB4AAA /* AppContext+Helper.swift in Sources */,
				3E1D6E8E1F280D0300FB119A /* PortalItemCell.swift in Sources */,
				3EDC84661F1FC335002DBCF2 /* LegendViewController.swift in Sources */,
				3E1D6E881F2691FF00FB119A /* PortalItemsListViewController.swift in Sources */,
				3EDC84621F1EC0CD002DBCF2 /* MapCell.swift in Sources */,
				3E6E06C21F3237FA00921439 /* SVProgressHUD.m in Sources */,
				3E6E06B71F2FCC3900921439 /* PortalURLViewController.swift in Sources */,
				3EEBD31F1F4218B700DB4AAA /* AppContext+Portal.swift in Sources */,
				3E062F601F424C350061D84F /* AppSettings.swift in Sources */,
				3EDC84641F1ED3E7002DBCF2 /* MapViewController.swift in Sources */,
				3E9222821F562AEE00DA0165 /* DirectoryType.swift in Sources */,
			);
			runOnlyForDeploymentPostprocessing = 0;
		};
/* End PBXSourcesBuildPhase section */

/* Begin PBXVariantGroup section */
		3EDC844D1F1E8B94002DBCF2 /* Main.storyboard */ = {
			isa = PBXVariantGroup;
			children = (
				3EDC844E1F1E8B94002DBCF2 /* Base */,
			);
			name = Main.storyboard;
			sourceTree = "<group>";
		};
		3EDC84521F1E8B94002DBCF2 /* LaunchScreen.storyboard */ = {
			isa = PBXVariantGroup;
			children = (
				3EDC84531F1E8B94002DBCF2 /* Base */,
			);
			name = LaunchScreen.storyboard;
			sourceTree = "<group>";
		};
/* End PBXVariantGroup section */

/* Begin XCBuildConfiguration section */
		3EDC84561F1E8B94002DBCF2 /* Debug */ = {
			isa = XCBuildConfiguration;
			buildSettings = {
				ALWAYS_SEARCH_USER_PATHS = NO;
				CLANG_ANALYZER_NONNULL = YES;
				CLANG_ANALYZER_NUMBER_OBJECT_CONVERSION = YES_AGGRESSIVE;
				CLANG_CXX_LANGUAGE_STANDARD = "gnu++0x";
				CLANG_CXX_LIBRARY = "libc++";
				CLANG_ENABLE_MODULES = YES;
				CLANG_ENABLE_OBJC_ARC = YES;
				CLANG_WARN_BLOCK_CAPTURE_AUTORELEASING = YES;
				CLANG_WARN_BOOL_CONVERSION = YES;
				CLANG_WARN_COMMA = YES;
				CLANG_WARN_CONSTANT_CONVERSION = YES;
				CLANG_WARN_DEPRECATED_OBJC_IMPLEMENTATIONS = YES;
				CLANG_WARN_DIRECT_OBJC_ISA_USAGE = YES_ERROR;
				CLANG_WARN_DOCUMENTATION_COMMENTS = YES;
				CLANG_WARN_EMPTY_BODY = YES;
				CLANG_WARN_ENUM_CONVERSION = YES;
				CLANG_WARN_INFINITE_RECURSION = YES;
				CLANG_WARN_INT_CONVERSION = YES;
				CLANG_WARN_NON_LITERAL_NULL_CONVERSION = YES;
				CLANG_WARN_OBJC_IMPLICIT_RETAIN_SELF = YES;
				CLANG_WARN_OBJC_LITERAL_CONVERSION = YES;
				CLANG_WARN_OBJC_ROOT_CLASS = YES_ERROR;
				CLANG_WARN_RANGE_LOOP_ANALYSIS = YES;
				CLANG_WARN_STRICT_PROTOTYPES = YES;
				CLANG_WARN_SUSPICIOUS_MOVE = YES;
				CLANG_WARN_UNREACHABLE_CODE = YES;
				CLANG_WARN__DUPLICATE_METHOD_MATCH = YES;
				"CODE_SIGN_IDENTITY[sdk=iphoneos*]" = "iPhone Developer";
				COPY_PHASE_STRIP = NO;
				DEBUG_INFORMATION_FORMAT = dwarf;
				ENABLE_STRICT_OBJC_MSGSEND = YES;
				ENABLE_TESTABILITY = YES;
				GCC_C_LANGUAGE_STANDARD = gnu99;
				GCC_DYNAMIC_NO_PIC = NO;
				GCC_NO_COMMON_BLOCKS = YES;
				GCC_OPTIMIZATION_LEVEL = 0;
				GCC_PREPROCESSOR_DEFINITIONS = (
					"DEBUG=1",
					"$(inherited)",
				);
				GCC_WARN_64_TO_32_BIT_CONVERSION = YES;
				GCC_WARN_ABOUT_RETURN_TYPE = YES_ERROR;
				GCC_WARN_UNDECLARED_SELECTOR = YES;
				GCC_WARN_UNINITIALIZED_AUTOS = YES_AGGRESSIVE;
				GCC_WARN_UNUSED_FUNCTION = YES;
				GCC_WARN_UNUSED_VARIABLE = YES;
				IPHONEOS_DEPLOYMENT_TARGET = 10.3;
				MTL_ENABLE_DEBUG_INFO = YES;
				ONLY_ACTIVE_ARCH = YES;
				SDKROOT = iphoneos;
				SWIFT_ACTIVE_COMPILATION_CONDITIONS = DEBUG;
				SWIFT_OPTIMIZATION_LEVEL = "-Onone";
				TARGETED_DEVICE_FAMILY = 2;
			};
			name = Debug;
		};
		3EDC84571F1E8B94002DBCF2 /* Release */ = {
			isa = XCBuildConfiguration;
			buildSettings = {
				ALWAYS_SEARCH_USER_PATHS = NO;
				CLANG_ANALYZER_NONNULL = YES;
				CLANG_ANALYZER_NUMBER_OBJECT_CONVERSION = YES_AGGRESSIVE;
				CLANG_CXX_LANGUAGE_STANDARD = "gnu++0x";
				CLANG_CXX_LIBRARY = "libc++";
				CLANG_ENABLE_MODULES = YES;
				CLANG_ENABLE_OBJC_ARC = YES;
				CLANG_WARN_BLOCK_CAPTURE_AUTORELEASING = YES;
				CLANG_WARN_BOOL_CONVERSION = YES;
				CLANG_WARN_COMMA = YES;
				CLANG_WARN_CONSTANT_CONVERSION = YES;
				CLANG_WARN_DEPRECATED_OBJC_IMPLEMENTATIONS = YES;
				CLANG_WARN_DIRECT_OBJC_ISA_USAGE = YES_ERROR;
				CLANG_WARN_DOCUMENTATION_COMMENTS = YES;
				CLANG_WARN_EMPTY_BODY = YES;
				CLANG_WARN_ENUM_CONVERSION = YES;
				CLANG_WARN_INFINITE_RECURSION = YES;
				CLANG_WARN_INT_CONVERSION = YES;
				CLANG_WARN_NON_LITERAL_NULL_CONVERSION = YES;
				CLANG_WARN_OBJC_IMPLICIT_RETAIN_SELF = YES;
				CLANG_WARN_OBJC_LITERAL_CONVERSION = YES;
				CLANG_WARN_OBJC_ROOT_CLASS = YES_ERROR;
				CLANG_WARN_RANGE_LOOP_ANALYSIS = YES;
				CLANG_WARN_STRICT_PROTOTYPES = YES;
				CLANG_WARN_SUSPICIOUS_MOVE = YES;
				CLANG_WARN_UNREACHABLE_CODE = YES;
				CLANG_WARN__DUPLICATE_METHOD_MATCH = YES;
				"CODE_SIGN_IDENTITY[sdk=iphoneos*]" = "iPhone Developer";
				COPY_PHASE_STRIP = NO;
				DEBUG_INFORMATION_FORMAT = "dwarf-with-dsym";
				ENABLE_NS_ASSERTIONS = NO;
				ENABLE_STRICT_OBJC_MSGSEND = YES;
				GCC_C_LANGUAGE_STANDARD = gnu99;
				GCC_NO_COMMON_BLOCKS = YES;
				GCC_WARN_64_TO_32_BIT_CONVERSION = YES;
				GCC_WARN_ABOUT_RETURN_TYPE = YES_ERROR;
				GCC_WARN_UNDECLARED_SELECTOR = YES;
				GCC_WARN_UNINITIALIZED_AUTOS = YES_AGGRESSIVE;
				GCC_WARN_UNUSED_FUNCTION = YES;
				GCC_WARN_UNUSED_VARIABLE = YES;
				IPHONEOS_DEPLOYMENT_TARGET = 10.3;
				MTL_ENABLE_DEBUG_INFO = NO;
				SDKROOT = iphoneos;
				SWIFT_OPTIMIZATION_LEVEL = "-Owholemodule";
				TARGETED_DEVICE_FAMILY = 2;
				VALIDATE_PRODUCT = YES;
			};
			name = Release;
		};
		3EDC84591F1E8B94002DBCF2 /* Debug */ = {
			isa = XCBuildConfiguration;
			buildSettings = {
				ASSETCATALOG_COMPILER_APPICON_NAME = AppIcon;
				"CODE_SIGN_IDENTITY[sdk=iphoneos*]" = "iPhone Developer";
				CODE_SIGN_STYLE = Automatic;
				DEVELOPMENT_TEAM = "";
				FRAMEWORK_SEARCH_PATHS = (
					"$(inherited)",
					"$(USER_LIBRARY_DIR)/SDKs/ArcGIS/iOS/Frameworks/Static",
				);
				INFOPLIST_FILE = "mapbook-iOS/Info.plist";
				IPHONEOS_DEPLOYMENT_TARGET = 10.0;
				LD_RUNPATH_SEARCH_PATHS = "$(inherited) @executable_path/Frameworks";
				OTHER_LDFLAGS = (
					"-ObjC",
					"-framework",
					ArcGIS,
					"-l",
					"c++",
				);
				PRODUCT_BUNDLE_IDENTIFIER = com.esri.arcgisruntime.exampleapps.mapbook;
				PRODUCT_NAME = "$(TARGET_NAME)";
				PROVISIONING_PROFILE_SPECIFIER = "";
				SWIFT_OBJC_BRIDGING_HEADER = "mapbook-iOS/mapbook-iOSBridgingHeader.h";
				SWIFT_SWIFT3_OBJC_INFERENCE = Default;
				SWIFT_VERSION = 4.0;
			};
			name = Debug;
		};
		3EDC845A1F1E8B94002DBCF2 /* Release */ = {
			isa = XCBuildConfiguration;
			buildSettings = {
				ASSETCATALOG_COMPILER_APPICON_NAME = AppIcon;
				"CODE_SIGN_IDENTITY[sdk=iphoneos*]" = "iPhone Developer";
				CODE_SIGN_STYLE = Automatic;
				DEVELOPMENT_TEAM = "";
				FRAMEWORK_SEARCH_PATHS = (
					"$(inherited)",
					"$(USER_LIBRARY_DIR)/SDKs/ArcGIS/iOS/Frameworks/Static",
				);
				INFOPLIST_FILE = "mapbook-iOS/Info.plist";
				IPHONEOS_DEPLOYMENT_TARGET = 10.0;
				LD_RUNPATH_SEARCH_PATHS = "$(inherited) @executable_path/Frameworks";
				OTHER_LDFLAGS = (
					"-ObjC",
					"-framework",
					ArcGIS,
					"-l",
					"c++",
				);
				PRODUCT_BUNDLE_IDENTIFIER = com.esri.arcgisruntime.exampleapps.mapbook;
				PRODUCT_NAME = "$(TARGET_NAME)";
				PROVISIONING_PROFILE_SPECIFIER = "";
				SWIFT_OBJC_BRIDGING_HEADER = "mapbook-iOS/mapbook-iOSBridgingHeader.h";
				SWIFT_SWIFT3_OBJC_INFERENCE = Default;
				SWIFT_VERSION = 4.0;
			};
			name = Release;
		};
/* End XCBuildConfiguration section */

/* Begin XCConfigurationList section */
		3EDC84411F1E8B94002DBCF2 /* Build configuration list for PBXProject "mapbook-iOS" */ = {
			isa = XCConfigurationList;
			buildConfigurations = (
				3EDC84561F1E8B94002DBCF2 /* Debug */,
				3EDC84571F1E8B94002DBCF2 /* Release */,
			);
			defaultConfigurationIsVisible = 0;
			defaultConfigurationName = Release;
		};
		3EDC84581F1E8B94002DBCF2 /* Build configuration list for PBXNativeTarget "mapbook-iOS" */ = {
			isa = XCConfigurationList;
			buildConfigurations = (
				3EDC84591F1E8B94002DBCF2 /* Debug */,
				3EDC845A1F1E8B94002DBCF2 /* Release */,
			);
			defaultConfigurationIsVisible = 0;
			defaultConfigurationName = Release;
		};
/* End XCConfigurationList section */
	};
	rootObject = 3EDC843E1F1E8B94002DBCF2 /* Project object */;
}
